
Microsoft Visual Studio Solution File, Format Version 12.00
# Visual Studio Version 17
VisualStudioVersion = 17.5.2.0
MinimumVisualStudioVersion = 10.0.40219.1
Project("{2150E333-8FDC-42A3-9474-1A3956D46DE8}") = "tests", "tests", "{0AB3BF05-4346-4AA6-1389-037BE0695223}"
EndProject
Project("{2150E333-8FDC-42A3-9474-1A3956D46DE8}") = "src", "src", "{827E0CD3-B72D-47B6-A68D-7590B98EB39B}"
EndProject
Project("{FAE04EC0-301F-11D3-BF4B-00C04F79EFBC}") = "Host.Tests", "tests\Host.Tests\Host.Tests.csproj", "{19B11C6D-82CF-4C52-AC2A-7B1EB30F8D83}"
EndProject
Project("{FAE04EC0-301F-11D3-BF4B-00C04F79EFBC}") = "Host", "src\Host\Host.csproj", "{7DA33573-A525-1376-4E0E-735EC1A297BC}"
EndProject
Project("{FAE04EC0-301F-11D3-BF4B-00C04F79EFBC}") = "Infrastructure", "src\Infrastructure\Infrastructure.csproj", "{4247E58C-CDB5-490F-BA52-6A352BE2001E}"
EndProject
Project("{2150E333-8FDC-42A3-9474-1A3956D46DE8}") = "files", "files", "{9F5E6384-8D91-7B30-BF94-463B36B69FC3}"
	ProjectSection(SolutionItems) = preProject
		Directory.Packages.props = Directory.Packages.props
		Directory.Build.props = Directory.Build.props
		.editorconfig = .editorconfig
		.gitignore = .gitignore
	EndProjectSection
EndProject
Project("{FAE04EC0-301F-11D3-BF4B-00C04F79EFBC}") = "Domain", "src\Domain\Domain.csproj", "{66FB6425-D9A0-477E-8EBA-5DFE2F246A50}"
EndProject
Global
	GlobalSection(SolutionConfigurationPlatforms) = preSolution
		Debug|Any CPU = Debug|Any CPU
		Release|Any CPU = Release|Any CPU
	EndGlobalSection
	GlobalSection(ProjectConfigurationPlatforms) = postSolution
		{19B11C6D-82CF-4C52-AC2A-7B1EB30F8D83}.Debug|Any CPU.ActiveCfg = Debug|Any CPU
		{19B11C6D-82CF-4C52-AC2A-7B1EB30F8D83}.Debug|Any CPU.Build.0 = Debug|Any CPU
		{19B11C6D-82CF-4C52-AC2A-7B1EB30F8D83}.Release|Any CPU.ActiveCfg = Release|Any CPU
		{19B11C6D-82CF-4C52-AC2A-7B1EB30F8D83}.Release|Any CPU.Build.0 = Release|Any CPU
		{7DA33573-A525-1376-4E0E-735EC1A297BC}.Debug|Any CPU.ActiveCfg = Debug|Any CPU
		{7DA33573-A525-1376-4E0E-735EC1A297BC}.Debug|Any CPU.Build.0 = Debug|Any CPU
		{7DA33573-A525-1376-4E0E-735EC1A297BC}.Release|Any CPU.ActiveCfg = Release|Any CPU
		{7DA33573-A525-1376-4E0E-735EC1A297BC}.Release|Any CPU.Build.0 = Release|Any CPU
		{4247E58C-CDB5-490F-BA52-6A352BE2001E}.Debug|Any CPU.ActiveCfg = Debug|Any CPU
		{4247E58C-CDB5-490F-BA52-6A352BE2001E}.Debug|Any CPU.Build.0 = Debug|Any CPU
		{4247E58C-CDB5-490F-BA52-6A352BE2001E}.Release|Any CPU.ActiveCfg = Release|Any CPU
		{4247E58C-CDB5-490F-BA52-6A352BE2001E}.Release|Any CPU.Build.0 = Release|Any CPU
		{66FB6425-D9A0-477E-8EBA-5DFE2F246A50}.Debug|Any CPU.ActiveCfg = Debug|Any CPU
		{66FB6425-D9A0-477E-8EBA-5DFE2F246A50}.Debug|Any CPU.Build.0 = Debug|Any CPU
		{66FB6425-D9A0-477E-8EBA-5DFE2F246A50}.Release|Any CPU.ActiveCfg = Release|Any CPU
		{66FB6425-D9A0-477E-8EBA-5DFE2F246A50}.Release|Any CPU.Build.0 = Release|Any CPU
	EndGlobalSection
	GlobalSection(SolutionProperties) = preSolution
		HideSolutionNode = FALSE
	EndGlobalSection
	GlobalSection(NestedProjects) = preSolution
		{19B11C6D-82CF-4C52-AC2A-7B1EB30F8D83} = {0AB3BF05-4346-4AA6-1389-037BE0695223}
		{7DA33573-A525-1376-4E0E-735EC1A297BC} = {827E0CD3-B72D-47B6-A68D-7590B98EB39B}
		{4247E58C-CDB5-490F-BA52-6A352BE2001E} = {827E0CD3-B72D-47B6-A68D-7590B98EB39B}
		{66FB6425-D9A0-477E-8EBA-5DFE2F246A50} = {827E0CD3-B72D-47B6-A68D-7590B98EB39B}
	EndGlobalSection
	GlobalSection(ExtensibilityGlobals) = postSolution
		SolutionGuid = {602FE073-6B20-4BA7-AB90-4FF357247C35}
	EndGlobalSection
EndGlobal
